
Microsoft Visual Studio Solution File, Format Version 12.00
# Visual Studio Version 17
VisualStudioVersion = 17.3.32825.248
MinimumVisualStudioVersion = 10.0.40219.1
Project("{FAE04EC0-301F-11D3-BF4B-00C04F79EFBC}") = "DevLibrary", "DevLibrary\DevLibrary.csproj", "{0004662A-41A1-4A06-ACF7-A79533169021}"
EndProject
Global
	GlobalSection(SolutionConfigurationPlatforms) = preSolution
		Debug|Any CPU = Debug|Any CPU
		Release|Any CPU = Release|Any CPU
	EndGlobalSection
	GlobalSection(ProjectConfigurationPlatforms) = postSolution
		{0004662A-41A1-4A06-ACF7-A79533169021}.Debug|Any CPU.ActiveCfg = Debug|Any CPU
		{0004662A-41A1-4A06-ACF7-A79533169021}.Debug|Any CPU.Build.0 = Debug|Any CPU
		{0004662A-41A1-4A06-ACF7-A79533169021}.Release|Any CPU.ActiveCfg = Release|Any CPU
		{0004662A-41A1-4A06-ACF7-A79533169021}.Release|Any CPU.Build.0 = Release|Any CPU
	EndGlobalSection
	GlobalSection(SolutionProperties) = preSolution
		HideSolutionNode = FALSE
	EndGlobalSection
	GlobalSection(ExtensibilityGlobals) = postSolution
		SolutionGuid = {52FF8BC2-410B-4C37-8BD3-B1CF3C4160F6}
	EndGlobalSection
EndGlobal
